// !$*UTF8*$!
{
	archiveVersion = 1;
	classes = {
	};
	objectVersion = 50;
	objects = {

/* Begin PBXBuildFile section */
		D443DB09250AB70B00585F7C /* AppDelegate.swift in Sources */ = {isa = PBXBuildFile; fileRef = D443DB08250AB70B00585F7C /* AppDelegate.swift */; };
		D443DB0B250AB70B00585F7C /* ContentView.swift in Sources */ = {isa = PBXBuildFile; fileRef = D443DB0A250AB70B00585F7C /* ContentView.swift */; };
		D443DB0D250AB70C00585F7C /* Assets.xcassets in Resources */ = {isa = PBXBuildFile; fileRef = D443DB0C250AB70C00585F7C /* Assets.xcassets */; };
		D443DB10250AB70C00585F7C /* Preview Assets.xcassets in Resources */ = {isa = PBXBuildFile; fileRef = D443DB0F250AB70C00585F7C /* Preview Assets.xcassets */; };
		D443DB13250AB70C00585F7C /* Main.storyboard in Resources */ = {isa = PBXBuildFile; fileRef = D443DB11250AB70C00585F7C /* Main.storyboard */; };
		D443DB1F250AB70C00585F7C /* GridTests.swift in Sources */ = {isa = PBXBuildFile; fileRef = D443DB1E250AB70C00585F7C /* GridTests.swift */; };
		D443DB2A250AB70C00585F7C /* GridUITests.swift in Sources */ = {isa = PBXBuildFile; fileRef = D443DB29250AB70C00585F7C /* GridUITests.swift */; };
		D443DB39250AB7C900585F7C /* Grid.swift in Sources */ = {isa = PBXBuildFile; fileRef = D443DB38250AB7C900585F7C /* Grid.swift */; };
		D443DB3A250AB85800585F7C /* Grid.swift in Sources */ = {isa = PBXBuildFile; fileRef = D443DB38250AB7C900585F7C /* Grid.swift */; };
		D443DB3E250AB9FA00585F7C /* GridIndexer.swift in Sources */ = {isa = PBXBuildFile; fileRef = D443DB3C250AB9FA00585F7C /* GridIndexer.swift */; };
		D443DB3F250ABA0800585F7C /* GridIndexer.swift in Sources */ = {isa = PBXBuildFile; fileRef = D443DB3C250AB9FA00585F7C /* GridIndexer.swift */; };
		D443DB42250ABA4A00585F7C /* GridCell.swift in Sources */ = {isa = PBXBuildFile; fileRef = D443DB41250ABA4A00585F7C /* GridCell.swift */; };
		D443DB43250ABA5500585F7C /* GridCell.swift in Sources */ = {isa = PBXBuildFile; fileRef = D443DB41250ABA4A00585F7C /* GridCell.swift */; };
		D443DB4E250ACF8F00585F7C /* KGPoint.swift in Sources */ = {isa = PBXBuildFile; fileRef = D443DB4C250ACF8F00585F7C /* KGPoint.swift */; };
		D443DB4F250ACF8F00585F7C /* KGPoint.swift in Sources */ = {isa = PBXBuildFile; fileRef = D443DB4C250ACF8F00585F7C /* KGPoint.swift */; };
		D443DB50250ACF8F00585F7C /* Overload2D.swift in Sources */ = {isa = PBXBuildFile; fileRef = D443DB4D250ACF8F00585F7C /* Overload2D.swift */; };
		D443DB51250ACF8F00585F7C /* Overload2D.swift in Sources */ = {isa = PBXBuildFile; fileRef = D443DB4D250ACF8F00585F7C /* Overload2D.swift */; };
		D443DB53250ACFB900585F7C /* Utilities.swift in Sources */ = {isa = PBXBuildFile; fileRef = D443DB52250ACFB900585F7C /* Utilities.swift */; };
		D443DB54250ACFB900585F7C /* Utilities.swift in Sources */ = {isa = PBXBuildFile; fileRef = D443DB52250ACFB900585F7C /* Utilities.swift */; };
/* End PBXBuildFile section */

/* Begin PBXContainerItemProxy section */
		D443DB1B250AB70C00585F7C /* PBXContainerItemProxy */ = {
			isa = PBXContainerItemProxy;
			containerPortal = D443DAFD250AB70B00585F7C /* Project object */;
			proxyType = 1;
			remoteGlobalIDString = D443DB04250AB70B00585F7C;
			remoteInfo = Grid;
		};
		D443DB26250AB70C00585F7C /* PBXContainerItemProxy */ = {
			isa = PBXContainerItemProxy;
			containerPortal = D443DAFD250AB70B00585F7C /* Project object */;
			proxyType = 1;
			remoteGlobalIDString = D443DB04250AB70B00585F7C;
			remoteInfo = Grid;
		};
/* End PBXContainerItemProxy section */

/* Begin PBXFileReference section */
		D443DB05250AB70B00585F7C /* Grid.app */ = {isa = PBXFileReference; explicitFileType = wrapper.application; includeInIndex = 0; path = Grid.app; sourceTree = BUILT_PRODUCTS_DIR; };
		D443DB08250AB70B00585F7C /* AppDelegate.swift */ = {isa = PBXFileReference; lastKnownFileType = sourcecode.swift; path = AppDelegate.swift; sourceTree = "<group>"; };
		D443DB0A250AB70B00585F7C /* ContentView.swift */ = {isa = PBXFileReference; lastKnownFileType = sourcecode.swift; path = ContentView.swift; sourceTree = "<group>"; };
		D443DB0C250AB70C00585F7C /* Assets.xcassets */ = {isa = PBXFileReference; lastKnownFileType = folder.assetcatalog; path = Assets.xcassets; sourceTree = "<group>"; };
		D443DB0F250AB70C00585F7C /* Preview Assets.xcassets */ = {isa = PBXFileReference; lastKnownFileType = folder.assetcatalog; path = "Preview Assets.xcassets"; sourceTree = "<group>"; };
		D443DB12250AB70C00585F7C /* Base */ = {isa = PBXFileReference; lastKnownFileType = file.storyboard; name = Base; path = Base.lproj/Main.storyboard; sourceTree = "<group>"; };
		D443DB14250AB70C00585F7C /* Info.plist */ = {isa = PBXFileReference; lastKnownFileType = text.plist.xml; path = Info.plist; sourceTree = "<group>"; };
		D443DB15250AB70C00585F7C /* Grid.entitlements */ = {isa = PBXFileReference; lastKnownFileType = text.plist.entitlements; path = Grid.entitlements; sourceTree = "<group>"; };
		D443DB1A250AB70C00585F7C /* GridTests.xctest */ = {isa = PBXFileReference; explicitFileType = wrapper.cfbundle; includeInIndex = 0; path = GridTests.xctest; sourceTree = BUILT_PRODUCTS_DIR; };
		D443DB1E250AB70C00585F7C /* GridTests.swift */ = {isa = PBXFileReference; lastKnownFileType = sourcecode.swift; path = GridTests.swift; sourceTree = "<group>"; };
		D443DB20250AB70C00585F7C /* Info.plist */ = {isa = PBXFileReference; lastKnownFileType = text.plist.xml; path = Info.plist; sourceTree = "<group>"; };
		D443DB25250AB70C00585F7C /* GridUITests.xctest */ = {isa = PBXFileReference; explicitFileType = wrapper.cfbundle; includeInIndex = 0; path = GridUITests.xctest; sourceTree = BUILT_PRODUCTS_DIR; };
		D443DB29250AB70C00585F7C /* GridUITests.swift */ = {isa = PBXFileReference; lastKnownFileType = sourcecode.swift; path = GridUITests.swift; sourceTree = "<group>"; };
		D443DB2B250AB70C00585F7C /* Info.plist */ = {isa = PBXFileReference; lastKnownFileType = text.plist.xml; path = Info.plist; sourceTree = "<group>"; };
		D443DB38250AB7C900585F7C /* Grid.swift */ = {isa = PBXFileReference; fileEncoding = 4; lastKnownFileType = sourcecode.swift; path = Grid.swift; sourceTree = "<group>"; };
		D443DB3C250AB9FA00585F7C /* GridIndexer.swift */ = {isa = PBXFileReference; fileEncoding = 4; lastKnownFileType = sourcecode.swift; path = GridIndexer.swift; sourceTree = "<group>"; };
		D443DB41250ABA4A00585F7C /* GridCell.swift */ = {isa = PBXFileReference; fileEncoding = 4; lastKnownFileType = sourcecode.swift; path = GridCell.swift; sourceTree = "<group>"; };
		D443DB4C250ACF8F00585F7C /* KGPoint.swift */ = {isa = PBXFileReference; fileEncoding = 4; lastKnownFileType = sourcecode.swift; path = KGPoint.swift; sourceTree = "<group>"; };
		D443DB4D250ACF8F00585F7C /* Overload2D.swift */ = {isa = PBXFileReference; fileEncoding = 4; lastKnownFileType = sourcecode.swift; path = Overload2D.swift; sourceTree = "<group>"; };
		D443DB52250ACFB900585F7C /* Utilities.swift */ = {isa = PBXFileReference; fileEncoding = 4; lastKnownFileType = sourcecode.swift; path = Utilities.swift; sourceTree = "<group>"; };
/* End PBXFileReference section */

/* Begin PBXFrameworksBuildPhase section */
		D443DB02250AB70B00585F7C /* Frameworks */ = {
			isa = PBXFrameworksBuildPhase;
			buildActionMask = 2147483647;
			files = (
			);
			runOnlyForDeploymentPostprocessing = 0;
		};
		D443DB17250AB70C00585F7C /* Frameworks */ = {
			isa = PBXFrameworksBuildPhase;
			buildActionMask = 2147483647;
			files = (
			);
			runOnlyForDeploymentPostprocessing = 0;
		};
		D443DB22250AB70C00585F7C /* Frameworks */ = {
			isa = PBXFrameworksBuildPhase;
			buildActionMask = 2147483647;
			files = (
			);
			runOnlyForDeploymentPostprocessing = 0;
		};
/* End PBXFrameworksBuildPhase section */

/* Begin PBXGroup section */
		D443DAFC250AB70B00585F7C = {
			isa = PBXGroup;
			children = (
				D443DB37250AB7B400585F7C /* Source */,
				D443DB07250AB70B00585F7C /* Grid */,
				D443DB1D250AB70C00585F7C /* GridTests */,
				D443DB28250AB70C00585F7C /* GridUITests */,
				D443DB06250AB70B00585F7C /* Products */,
			);
			sourceTree = "<group>";
		};
		D443DB06250AB70B00585F7C /* Products */ = {
			isa = PBXGroup;
			children = (
				D443DB05250AB70B00585F7C /* Grid.app */,
				D443DB1A250AB70C00585F7C /* GridTests.xctest */,
				D443DB25250AB70C00585F7C /* GridUITests.xctest */,
			);
			name = Products;
			sourceTree = "<group>";
		};
		D443DB07250AB70B00585F7C /* Grid */ = {
			isa = PBXGroup;
			children = (
				D443DB08250AB70B00585F7C /* AppDelegate.swift */,
				D443DB0A250AB70B00585F7C /* ContentView.swift */,
				D443DB0C250AB70C00585F7C /* Assets.xcassets */,
				D443DB11250AB70C00585F7C /* Main.storyboard */,
				D443DB14250AB70C00585F7C /* Info.plist */,
				D443DB15250AB70C00585F7C /* Grid.entitlements */,
				D443DB0E250AB70C00585F7C /* Preview Content */,
			);
			path = Grid;
			sourceTree = "<group>";
		};
		D443DB0E250AB70C00585F7C /* Preview Content */ = {
			isa = PBXGroup;
			children = (
				D443DB0F250AB70C00585F7C /* Preview Assets.xcassets */,
			);
			path = "Preview Content";
			sourceTree = "<group>";
		};
		D443DB1D250AB70C00585F7C /* GridTests */ = {
			isa = PBXGroup;
			children = (
				D443DB1E250AB70C00585F7C /* GridTests.swift */,
				D443DB20250AB70C00585F7C /* Info.plist */,
			);
			path = GridTests;
			sourceTree = "<group>";
		};
		D443DB28250AB70C00585F7C /* GridUITests */ = {
			isa = PBXGroup;
			children = (
				D443DB29250AB70C00585F7C /* GridUITests.swift */,
				D443DB2B250AB70C00585F7C /* Info.plist */,
			);
			path = GridUITests;
			sourceTree = "<group>";
		};
		D443DB37250AB7B400585F7C /* Source */ = {
			isa = PBXGroup;
			children = (
				D443DB45250ABAE200585F7C /* Tools */,
				D443DB38250AB7C900585F7C /* Grid.swift */,
				D443DB41250ABA4A00585F7C /* GridCell.swift */,
				D443DB3C250AB9FA00585F7C /* GridIndexer.swift */,
			);
			path = Source;
			sourceTree = "<group>";
		};
		D443DB45250ABAE200585F7C /* Tools */ = {
			isa = PBXGroup;
			children = (
				D443DB4C250ACF8F00585F7C /* KGPoint.swift */,
				D443DB4D250ACF8F00585F7C /* Overload2D.swift */,
				D443DB52250ACFB900585F7C /* Utilities.swift */,
			);
			name = Tools;
			path = ../../Tools;
			sourceTree = "<group>";
		};
/* End PBXGroup section */

/* Begin PBXNativeTarget section */
		D443DB04250AB70B00585F7C /* Grid */ = {
			isa = PBXNativeTarget;
			buildConfigurationList = D443DB2E250AB70C00585F7C /* Build configuration list for PBXNativeTarget "Grid" */;
			buildPhases = (
				D443DB01250AB70B00585F7C /* Sources */,
				D443DB02250AB70B00585F7C /* Frameworks */,
				D443DB03250AB70B00585F7C /* Resources */,
			);
			buildRules = (
			);
			dependencies = (
			);
			name = Grid;
			productName = Grid;
			productReference = D443DB05250AB70B00585F7C /* Grid.app */;
			productType = "com.apple.product-type.application";
		};
		D443DB19250AB70C00585F7C /* GridTests */ = {
			isa = PBXNativeTarget;
			buildConfigurationList = D443DB31250AB70C00585F7C /* Build configuration list for PBXNativeTarget "GridTests" */;
			buildPhases = (
				D443DB16250AB70C00585F7C /* Sources */,
				D443DB17250AB70C00585F7C /* Frameworks */,
				D443DB18250AB70C00585F7C /* Resources */,
			);
			buildRules = (
			);
			dependencies = (
				D443DB1C250AB70C00585F7C /* PBXTargetDependency */,
			);
			name = GridTests;
			productName = GridTests;
			productReference = D443DB1A250AB70C00585F7C /* GridTests.xctest */;
			productType = "com.apple.product-type.bundle.unit-test";
		};
		D443DB24250AB70C00585F7C /* GridUITests */ = {
			isa = PBXNativeTarget;
			buildConfigurationList = D443DB34250AB70C00585F7C /* Build configuration list for PBXNativeTarget "GridUITests" */;
			buildPhases = (
				D443DB21250AB70C00585F7C /* Sources */,
				D443DB22250AB70C00585F7C /* Frameworks */,
				D443DB23250AB70C00585F7C /* Resources */,
			);
			buildRules = (
			);
			dependencies = (
				D443DB27250AB70C00585F7C /* PBXTargetDependency */,
			);
			name = GridUITests;
			productName = GridUITests;
			productReference = D443DB25250AB70C00585F7C /* GridUITests.xctest */;
			productType = "com.apple.product-type.bundle.ui-testing";
		};
/* End PBXNativeTarget section */

/* Begin PBXProject section */
		D443DAFD250AB70B00585F7C /* Project object */ = {
			isa = PBXProject;
			attributes = {
				LastSwiftUpdateCheck = 1200;
				LastUpgradeCheck = 1200;
				TargetAttributes = {
					D443DB04250AB70B00585F7C = {
						CreatedOnToolsVersion = 12.0;
					};
					D443DB19250AB70C00585F7C = {
						CreatedOnToolsVersion = 12.0;
						TestTargetID = D443DB04250AB70B00585F7C;
					};
					D443DB24250AB70C00585F7C = {
						CreatedOnToolsVersion = 12.0;
						TestTargetID = D443DB04250AB70B00585F7C;
					};
				};
			};
			buildConfigurationList = D443DB00250AB70B00585F7C /* Build configuration list for PBXProject "Grid" */;
			compatibilityVersion = "Xcode 9.3";
			developmentRegion = en;
			hasScannedForEncodings = 0;
			knownRegions = (
				en,
				Base,
			);
			mainGroup = D443DAFC250AB70B00585F7C;
			productRefGroup = D443DB06250AB70B00585F7C /* Products */;
			projectDirPath = "";
			projectRoot = "";
			targets = (
				D443DB04250AB70B00585F7C /* Grid */,
				D443DB19250AB70C00585F7C /* GridTests */,
				D443DB24250AB70C00585F7C /* GridUITests */,
			);
		};
/* End PBXProject section */

/* Begin PBXResourcesBuildPhase section */
		D443DB03250AB70B00585F7C /* Resources */ = {
			isa = PBXResourcesBuildPhase;
			buildActionMask = 2147483647;
			files = (
				D443DB13250AB70C00585F7C /* Main.storyboard in Resources */,
				D443DB10250AB70C00585F7C /* Preview Assets.xcassets in Resources */,
				D443DB0D250AB70C00585F7C /* Assets.xcassets in Resources */,
			);
			runOnlyForDeploymentPostprocessing = 0;
		};
		D443DB18250AB70C00585F7C /* Resources */ = {
			isa = PBXResourcesBuildPhase;
			buildActionMask = 2147483647;
			files = (
			);
			runOnlyForDeploymentPostprocessing = 0;
		};
		D443DB23250AB70C00585F7C /* Resources */ = {
			isa = PBXResourcesBuildPhase;
			buildActionMask = 2147483647;
			files = (
			);
			runOnlyForDeploymentPostprocessing = 0;
		};
/* End PBXResourcesBuildPhase section */

/* Begin PBXSourcesBuildPhase section */
		D443DB01250AB70B00585F7C /* Sources */ = {
			isa = PBXSourcesBuildPhase;
			buildActionMask = 2147483647;
			files = (
				D443DB53250ACFB900585F7C /* Utilities.swift in Sources */,
				D443DB0B250AB70B00585F7C /* ContentView.swift in Sources */,
				D443DB4E250ACF8F00585F7C /* KGPoint.swift in Sources */,
				D443DB3E250AB9FA00585F7C /* GridIndexer.swift in Sources */,
				D443DB09250AB70B00585F7C /* AppDelegate.swift in Sources */,
				D443DB50250ACF8F00585F7C /* Overload2D.swift in Sources */,
				D443DB39250AB7C900585F7C /* Grid.swift in Sources */,
				D443DB42250ABA4A00585F7C /* GridCell.swift in Sources */,
			);
			runOnlyForDeploymentPostprocessing = 0;
		};
		D443DB16250AB70C00585F7C /* Sources */ = {
			isa = PBXSourcesBuildPhase;
			buildActionMask = 2147483647;
			files = (
				D443DB3F250ABA0800585F7C /* GridIndexer.swift in Sources */,
				D443DB1F250AB70C00585F7C /* GridTests.swift in Sources */,
				D443DB54250ACFB900585F7C /* Utilities.swift in Sources */,
				D443DB3A250AB85800585F7C /* Grid.swift in Sources */,
				D443DB51250ACF8F00585F7C /* Overload2D.swift in Sources */,
				D443DB4F250ACF8F00585F7C /* KGPoint.swift in Sources */,
				D443DB43250ABA5500585F7C /* GridCell.swift in Sources */,
			);
			runOnlyForDeploymentPostprocessing = 0;
		};
		D443DB21250AB70C00585F7C /* Sources */ = {
			isa = PBXSourcesBuildPhase;
			buildActionMask = 2147483647;
			files = (
				D443DB2A250AB70C00585F7C /* GridUITests.swift in Sources */,
			);
			runOnlyForDeploymentPostprocessing = 0;
		};
/* End PBXSourcesBuildPhase section */

/* Begin PBXTargetDependency section */
		D443DB1C250AB70C00585F7C /* PBXTargetDependency */ = {
			isa = PBXTargetDependency;
			target = D443DB04250AB70B00585F7C /* Grid */;
			targetProxy = D443DB1B250AB70C00585F7C /* PBXContainerItemProxy */;
		};
		D443DB27250AB70C00585F7C /* PBXTargetDependency */ = {
			isa = PBXTargetDependency;
			target = D443DB04250AB70B00585F7C /* Grid */;
			targetProxy = D443DB26250AB70C00585F7C /* PBXContainerItemProxy */;
		};
/* End PBXTargetDependency section */

/* Begin PBXVariantGroup section */
		D443DB11250AB70C00585F7C /* Main.storyboard */ = {
			isa = PBXVariantGroup;
			children = (
				D443DB12250AB70C00585F7C /* Base */,
			);
			name = Main.storyboard;
			sourceTree = "<group>";
		};
/* End PBXVariantGroup section */

/* Begin XCBuildConfiguration section */
		D443DB2C250AB70C00585F7C /* Debug */ = {
			isa = XCBuildConfiguration;
			buildSettings = {
				ALWAYS_SEARCH_USER_PATHS = NO;
				CLANG_ANALYZER_NONNULL = YES;
				CLANG_ANALYZER_NUMBER_OBJECT_CONVERSION = YES_AGGRESSIVE;
				CLANG_CXX_LANGUAGE_STANDARD = "gnu++14";
				CLANG_CXX_LIBRARY = "libc++";
				CLANG_ENABLE_MODULES = YES;
				CLANG_ENABLE_OBJC_ARC = YES;
				CLANG_ENABLE_OBJC_WEAK = YES;
				CLANG_WARN_BLOCK_CAPTURE_AUTORELEASING = YES;
				CLANG_WARN_BOOL_CONVERSION = YES;
				CLANG_WARN_COMMA = YES;
				CLANG_WARN_CONSTANT_CONVERSION = YES;
				CLANG_WARN_DEPRECATED_OBJC_IMPLEMENTATIONS = YES;
				CLANG_WARN_DIRECT_OBJC_ISA_USAGE = YES_ERROR;
				CLANG_WARN_DOCUMENTATION_COMMENTS = YES;
				CLANG_WARN_EMPTY_BODY = YES;
				CLANG_WARN_ENUM_CONVERSION = YES;
				CLANG_WARN_INFINITE_RECURSION = YES;
				CLANG_WARN_INT_CONVERSION = YES;
				CLANG_WARN_NON_LITERAL_NULL_CONVERSION = YES;
				CLANG_WARN_OBJC_IMPLICIT_RETAIN_SELF = YES;
				CLANG_WARN_OBJC_LITERAL_CONVERSION = YES;
				CLANG_WARN_OBJC_ROOT_CLASS = YES_ERROR;
				CLANG_WARN_QUOTED_INCLUDE_IN_FRAMEWORK_HEADER = YES;
				CLANG_WARN_RANGE_LOOP_ANALYSIS = YES;
				CLANG_WARN_STRICT_PROTOTYPES = YES;
				CLANG_WARN_SUSPICIOUS_MOVE = YES;
				CLANG_WARN_UNGUARDED_AVAILABILITY = YES_AGGRESSIVE;
				CLANG_WARN_UNREACHABLE_CODE = YES;
				CLANG_WARN__DUPLICATE_METHOD_MATCH = YES;
				COPY_PHASE_STRIP = NO;
				DEBUG_INFORMATION_FORMAT = dwarf;
				ENABLE_STRICT_OBJC_MSGSEND = YES;
				ENABLE_TESTABILITY = YES;
				GCC_C_LANGUAGE_STANDARD = gnu11;
				GCC_DYNAMIC_NO_PIC = NO;
				GCC_NO_COMMON_BLOCKS = YES;
				GCC_OPTIMIZATION_LEVEL = 0;
				GCC_PREPROCESSOR_DEFINITIONS = (
					"DEBUG=1",
					"$(inherited)",
				);
				GCC_WARN_64_TO_32_BIT_CONVERSION = YES;
				GCC_WARN_ABOUT_RETURN_TYPE = YES_ERROR;
				GCC_WARN_UNDECLARED_SELECTOR = YES;
				GCC_WARN_UNINITIALIZED_AUTOS = YES_AGGRESSIVE;
				GCC_WARN_UNUSED_FUNCTION = YES;
				GCC_WARN_UNUSED_VARIABLE = YES;
				MACOSX_DEPLOYMENT_TARGET = 10.15;
				MTL_ENABLE_DEBUG_INFO = INCLUDE_SOURCE;
				MTL_FAST_MATH = YES;
				ONLY_ACTIVE_ARCH = YES;
				SDKROOT = macosx;
				SWIFT_ACTIVE_COMPILATION_CONDITIONS = DEBUG;
				SWIFT_OPTIMIZATION_LEVEL = "-Onone";
			};
			name = Debug;
		};
		D443DB2D250AB70C00585F7C /* Release */ = {
			isa = XCBuildConfiguration;
			buildSettings = {
				ALWAYS_SEARCH_USER_PATHS = NO;
				CLANG_ANALYZER_NONNULL = YES;
				CLANG_ANALYZER_NUMBER_OBJECT_CONVERSION = YES_AGGRESSIVE;
				CLANG_CXX_LANGUAGE_STANDARD = "gnu++14";
				CLANG_CXX_LIBRARY = "libc++";
				CLANG_ENABLE_MODULES = YES;
				CLANG_ENABLE_OBJC_ARC = YES;
				CLANG_ENABLE_OBJC_WEAK = YES;
				CLANG_WARN_BLOCK_CAPTURE_AUTORELEASING = YES;
				CLANG_WARN_BOOL_CONVERSION = YES;
				CLANG_WARN_COMMA = YES;
				CLANG_WARN_CONSTANT_CONVERSION = YES;
				CLANG_WARN_DEPRECATED_OBJC_IMPLEMENTATIONS = YES;
				CLANG_WARN_DIRECT_OBJC_ISA_USAGE = YES_ERROR;
				CLANG_WARN_DOCUMENTATION_COMMENTS = YES;
				CLANG_WARN_EMPTY_BODY = YES;
				CLANG_WARN_ENUM_CONVERSION = YES;
				CLANG_WARN_INFINITE_RECURSION = YES;
				CLANG_WARN_INT_CONVERSION = YES;
				CLANG_WARN_NON_LITERAL_NULL_CONVERSION = YES;
				CLANG_WARN_OBJC_IMPLICIT_RETAIN_SELF = YES;
				CLANG_WARN_OBJC_LITERAL_CONVERSION = YES;
				CLANG_WARN_OBJC_ROOT_CLASS = YES_ERROR;
				CLANG_WARN_QUOTED_INCLUDE_IN_FRAMEWORK_HEADER = YES;
				CLANG_WARN_RANGE_LOOP_ANALYSIS = YES;
				CLANG_WARN_STRICT_PROTOTYPES = YES;
				CLANG_WARN_SUSPICIOUS_MOVE = YES;
				CLANG_WARN_UNGUARDED_AVAILABILITY = YES_AGGRESSIVE;
				CLANG_WARN_UNREACHABLE_CODE = YES;
				CLANG_WARN__DUPLICATE_METHOD_MATCH = YES;
				COPY_PHASE_STRIP = NO;
				DEBUG_INFORMATION_FORMAT = "dwarf-with-dsym";
				ENABLE_NS_ASSERTIONS = NO;
				ENABLE_STRICT_OBJC_MSGSEND = YES;
				GCC_C_LANGUAGE_STANDARD = gnu11;
				GCC_NO_COMMON_BLOCKS = YES;
				GCC_WARN_64_TO_32_BIT_CONVERSION = YES;
				GCC_WARN_ABOUT_RETURN_TYPE = YES_ERROR;
				GCC_WARN_UNDECLARED_SELECTOR = YES;
				GCC_WARN_UNINITIALIZED_AUTOS = YES_AGGRESSIVE;
				GCC_WARN_UNUSED_FUNCTION = YES;
				GCC_WARN_UNUSED_VARIABLE = YES;
				MACOSX_DEPLOYMENT_TARGET = 10.15;
				MTL_ENABLE_DEBUG_INFO = NO;
				MTL_FAST_MATH = YES;
				SDKROOT = macosx;
				SWIFT_COMPILATION_MODE = wholemodule;
				SWIFT_OPTIMIZATION_LEVEL = "-O";
			};
			name = Release;
		};
		D443DB2F250AB70C00585F7C /* Debug */ = {
			isa = XCBuildConfiguration;
			buildSettings = {
				ASSETCATALOG_COMPILER_APPICON_NAME = AppIcon;
				ASSETCATALOG_COMPILER_GLOBAL_ACCENT_COLOR_NAME = AccentColor;
				CODE_SIGN_ENTITLEMENTS = Grid/Grid.entitlements;
				CODE_SIGN_STYLE = Automatic;
				COMBINE_HIDPI_IMAGES = YES;
				DEVELOPMENT_ASSET_PATHS = "\"Grid/Preview Content\"";
				DEVELOPMENT_TEAM = DD983V4X84;
				ENABLE_HARDENED_RUNTIME = YES;
				ENABLE_PREVIEWS = YES;
				INFOPLIST_FILE = Grid/Info.plist;
				LD_RUNPATH_SEARCH_PATHS = (
					"$(inherited)",
					"@executable_path/../Frameworks",
				);
				MACOSX_DEPLOYMENT_TARGET = 10.15;
				PRODUCT_BUNDLE_IDENTIFIER = com.boringsoftware.Grid;
				PRODUCT_NAME = "$(TARGET_NAME)";
				SWIFT_VERSION = 5.0;
			};
			name = Debug;
		};
		D443DB30250AB70C00585F7C /* Release */ = {
			isa = XCBuildConfiguration;
			buildSettings = {
				ASSETCATALOG_COMPILER_APPICON_NAME = AppIcon;
				ASSETCATALOG_COMPILER_GLOBAL_ACCENT_COLOR_NAME = AccentColor;
				CODE_SIGN_ENTITLEMENTS = Grid/Grid.entitlements;
				CODE_SIGN_STYLE = Automatic;
				COMBINE_HIDPI_IMAGES = YES;
				DEVELOPMENT_ASSET_PATHS = "\"Grid/Preview Content\"";
				DEVELOPMENT_TEAM = DD983V4X84;
				ENABLE_HARDENED_RUNTIME = YES;
				ENABLE_PREVIEWS = YES;
				INFOPLIST_FILE = Grid/Info.plist;
				LD_RUNPATH_SEARCH_PATHS = (
					"$(inherited)",
					"@executable_path/../Frameworks",
				);
				MACOSX_DEPLOYMENT_TARGET = 10.15;
				PRODUCT_BUNDLE_IDENTIFIER = com.boringsoftware.Grid;
				PRODUCT_NAME = "$(TARGET_NAME)";
				SWIFT_VERSION = 5.0;
			};
			name = Release;
		};
		D443DB32250AB70C00585F7C /* Debug */ = {
			isa = XCBuildConfiguration;
			buildSettings = {
				ALWAYS_EMBED_SWIFT_STANDARD_LIBRARIES = YES;
				BUNDLE_LOADER = "$(TEST_HOST)";
				CODE_SIGN_STYLE = Automatic;
				COMBINE_HIDPI_IMAGES = YES;
				DEVELOPMENT_TEAM = DD983V4X84;
				INFOPLIST_FILE = GridTests/Info.plist;
				LD_RUNPATH_SEARCH_PATHS = (
					"$(inherited)",
					"@executable_path/../Frameworks",
					"@loader_path/../Frameworks",
				);
				MACOSX_DEPLOYMENT_TARGET = 10.15;
				PRODUCT_BUNDLE_IDENTIFIER = com.boringsoftware.GridTests;
				PRODUCT_NAME = "$(TARGET_NAME)";
				SWIFT_VERSION = 5.0;
				TEST_HOST = "$(BUILT_PRODUCTS_DIR)/Grid.app/Contents/MacOS/Grid";
			};
			name = Debug;
		};
		D443DB33250AB70C00585F7C /* Release */ = {
			isa = XCBuildConfiguration;
			buildSettings = {
				ALWAYS_EMBED_SWIFT_STANDARD_LIBRARIES = YES;
				BUNDLE_LOADER = "$(TEST_HOST)";
				CODE_SIGN_STYLE = Automatic;
				COMBINE_HIDPI_IMAGES = YES;
				DEVELOPMENT_TEAM = DD983V4X84;
				INFOPLIST_FILE = GridTests/Info.plist;
				LD_RUNPATH_SEARCH_PATHS = (
					"$(inherited)",
					"@executable_path/../Frameworks",
					"@loader_path/../Frameworks",
				);
				MACOSX_DEPLOYMENT_TARGET = 10.15;
				PRODUCT_BUNDLE_IDENTIFIER = com.boringsoftware.GridTests;
				PRODUCT_NAME = "$(TARGET_NAME)";
				SWIFT_VERSION = 5.0;
				TEST_HOST = "$(BUILT_PRODUCTS_DIR)/Grid.app/Contents/MacOS/Grid";
			};
			name = Release;
		};
		D443DB35250AB70C00585F7C /* Debug */ = {
			isa = XCBuildConfiguration;
			buildSettings = {
				ALWAYS_EMBED_SWIFT_STANDARD_LIBRARIES = YES;
				CODE_SIGN_STYLE = Automatic;
				COMBINE_HIDPI_IMAGES = YES;
				DEVELOPMENT_TEAM = DD983V4X84;
				INFOPLIST_FILE = GridUITests/Info.plist;
				LD_RUNPATH_SEARCH_PATHS = (
					"$(inherited)",
					"@executable_path/../Frameworks",
					"@loader_path/../Frameworks",
				);
				PRODUCT_BUNDLE_IDENTIFIER = com.boringsoftware.GridUITests;
				PRODUCT_NAME = "$(TARGET_NAME)";
				SWIFT_VERSION = 5.0;
				TEST_TARGET_NAME = Grid;
			};
			name = Debug;
		};
		D443DB36250AB70C00585F7C /* Release */ = {
			isa = XCBuildConfiguration;
			buildSettings = {
				ALWAYS_EMBED_SWIFT_STANDARD_LIBRARIES = YES;
				CODE_SIGN_STYLE = Automatic;
				COMBINE_HIDPI_IMAGES = YES;
				DEVELOPMENT_TEAM = DD983V4X84;
				INFOPLIST_FILE = GridUITests/Info.plist;
				LD_RUNPATH_SEARCH_PATHS = (
					"$(inherited)",
					"@executable_path/../Frameworks",
					"@loader_path/../Frameworks",
				);
				PRODUCT_BUNDLE_IDENTIFIER = com.boringsoftware.GridUITests;
				PRODUCT_NAME = "$(TARGET_NAME)";
				SWIFT_VERSION = 5.0;
				TEST_TARGET_NAME = Grid;
			};
			name = Release;
		};
/* End XCBuildConfiguration section */

/* Begin XCConfigurationList section */
		D443DB00250AB70B00585F7C /* Build configuration list for PBXProject "Grid" */ = {
			isa = XCConfigurationList;
			buildConfigurations = (
				D443DB2C250AB70C00585F7C /* Debug */,
				D443DB2D250AB70C00585F7C /* Release */,
			);
			defaultConfigurationIsVisible = 0;
			defaultConfigurationName = Release;
		};
		D443DB2E250AB70C00585F7C /* Build configuration list for PBXNativeTarget "Grid" */ = {
			isa = XCConfigurationList;
			buildConfigurations = (
				D443DB2F250AB70C00585F7C /* Debug */,
				D443DB30250AB70C00585F7C /* Release */,
			);
			defaultConfigurationIsVisible = 0;
			defaultConfigurationName = Release;
		};
		D443DB31250AB70C00585F7C /* Build configuration list for PBXNativeTarget "GridTests" */ = {
			isa = XCConfigurationList;
			buildConfigurations = (
				D443DB32250AB70C00585F7C /* Debug */,
				D443DB33250AB70C00585F7C /* Release */,
			);
			defaultConfigurationIsVisible = 0;
			defaultConfigurationName = Release;
		};
		D443DB34250AB70C00585F7C /* Build configuration list for PBXNativeTarget "GridUITests" */ = {
			isa = XCConfigurationList;
			buildConfigurations = (
				D443DB35250AB70C00585F7C /* Debug */,
				D443DB36250AB70C00585F7C /* Release */,
			);
			defaultConfigurationIsVisible = 0;
			defaultConfigurationName = Release;
		};
/* End XCConfigurationList section */
	};
	rootObject = D443DAFD250AB70B00585F7C /* Project object */;
}
